
Microsoft Visual Studio Solution File, Format Version 12.00
# Visual Studio Version 17
VisualStudioVersion = 17.11.35312.102
MinimumVisualStudioVersion = 10.0.40219.1
Project("{FAE04EC0-301F-11D3-BF4B-00C04F79EFBC}") = "1)Tumakov_lab", "1)Tumakov_lab\1)Tumakov_lab.csproj", "{3CBED106-D67A-4016-8BBC-920756A6685C}"
EndProject
Project("{FAE04EC0-301F-11D3-BF4B-00C04F79EFBC}") = "2)Tasks_from_file", "2)Tasks_from_file\2)Tasks_from_file.csproj", "{7390C098-EF9C-4A9E-946C-DED90CCE6D26}"
EndProject
Global
	GlobalSection(SolutionConfigurationPlatforms) = preSolution
		Debug|Any CPU = Debug|Any CPU
		Release|Any CPU = Release|Any CPU
	EndGlobalSection
	GlobalSection(ProjectConfigurationPlatforms) = postSolution
		{3CBED106-D67A-4016-8BBC-920756A6685C}.Debug|Any CPU.ActiveCfg = Debug|Any CPU
		{3CBED106-D67A-4016-8BBC-920756A6685C}.Debug|Any CPU.Build.0 = Debug|Any CPU
		{3CBED106-D67A-4016-8BBC-920756A6685C}.Release|Any CPU.ActiveCfg = Release|Any CPU
		{3CBED106-D67A-4016-8BBC-920756A6685C}.Release|Any CPU.Build.0 = Release|Any CPU
		{7390C098-EF9C-4A9E-946C-DED90CCE6D26}.Debug|Any CPU.ActiveCfg = Debug|Any CPU
		{7390C098-EF9C-4A9E-946C-DED90CCE6D26}.Debug|Any CPU.Build.0 = Debug|Any CPU
		{7390C098-EF9C-4A9E-946C-DED90CCE6D26}.Release|Any CPU.ActiveCfg = Release|Any CPU
		{7390C098-EF9C-4A9E-946C-DED90CCE6D26}.Release|Any CPU.Build.0 = Release|Any CPU
	EndGlobalSection
	GlobalSection(SolutionProperties) = preSolution
		HideSolutionNode = FALSE
	EndGlobalSection
	GlobalSection(ExtensibilityGlobals) = postSolution
		SolutionGuid = {9E1214D6-3302-4B19-9A5F-58A4DD35025E}
	EndGlobalSection
EndGlobal
